
Microsoft Visual Studio Solution File, Format Version 12.00
# Visual Studio 15
Project("{FAE04EC0-301F-11D3-BF4B-00C04F79EFBC}") = "dotnetCoreProject2", "dotnetCoreProject2.csproj", "{D09B20AC-CF72-47A7-9300-EEF052F601C7}"
EndProject
Global
	GlobalSection(SolutionConfigurationPlatforms) = preSolution
		Debug|Any CPU = Debug|Any CPU
		Release|Any CPU = Release|Any CPU
	EndGlobalSection
	GlobalSection(ProjectConfigurationPlatforms) = postSolution
		{D09B20AC-CF72-47A7-9300-EEF052F601C7}.Debug|Any CPU.ActiveCfg = Debug|Any CPU
		{D09B20AC-CF72-47A7-9300-EEF052F601C7}.Debug|Any CPU.Build.0 = Debug|Any CPU
		{D09B20AC-CF72-47A7-9300-EEF052F601C7}.Release|Any CPU.ActiveCfg = Release|Any CPU
		{D09B20AC-CF72-47A7-9300-EEF052F601C7}.Release|Any CPU.Build.0 = Release|Any CPU
	EndGlobalSection
EndGlobal
